
Microsoft Visual Studio Solution File, Format Version 12.00
# Visual Studio Version 17
VisualStudioVersion = 17.2.32526.322
MinimumVisualStudioVersion = 10.0.40219.1
Project("{FAE04EC0-301F-11D3-BF4B-00C04F79EFBC}") = "MinimalAPI.PostgreSQL", "MinimalAPI.PostgreSQL\MinimalAPI.PostgreSQL.csproj", "{04491344-339B-420D-99E8-D7B9786B8692}"
EndProject
Global
	GlobalSection(SolutionConfigurationPlatforms) = preSolution
		Debug|Any CPU = Debug|Any CPU
		Release|Any CPU = Release|Any CPU
	EndGlobalSection
	GlobalSection(ProjectConfigurationPlatforms) = postSolution
		{04491344-339B-420D-99E8-D7B9786B8692}.Debug|Any CPU.ActiveCfg = Debug|Any CPU
		{04491344-339B-420D-99E8-D7B9786B8692}.Debug|Any CPU.Build.0 = Debug|Any CPU
		{04491344-339B-420D-99E8-D7B9786B8692}.Release|Any CPU.ActiveCfg = Release|Any CPU
		{04491344-339B-420D-99E8-D7B9786B8692}.Release|Any CPU.Build.0 = Release|Any CPU
	EndGlobalSection
	GlobalSection(SolutionProperties) = preSolution
		HideSolutionNode = FALSE
	EndGlobalSection
	GlobalSection(ExtensibilityGlobals) = postSolution
		SolutionGuid = {C8D0874F-809E-47B4-8FB3-EC85D0424C98}
	EndGlobalSection
EndGlobal
